
Microsoft Visual Studio Solution File, Format Version 12.00
# Visual Studio Version 17
VisualStudioVersion = 17.8.34511.84
MinimumVisualStudioVersion = 10.0.40219.1
Project("{FAE04EC0-301F-11D3-BF4B-00C04F79EFBC}") = "Invoice", "Invoice\Invoice.csproj", "{FFA8C958-AF85-4558-9D2A-99EAF96204FE}"
EndProject
Global
	GlobalSection(SolutionConfigurationPlatforms) = preSolution
		Debug|Any CPU = Debug|Any CPU
		Release|Any CPU = Release|Any CPU
	EndGlobalSection
	GlobalSection(ProjectConfigurationPlatforms) = postSolution
		{FFA8C958-AF85-4558-9D2A-99EAF96204FE}.Debug|Any CPU.ActiveCfg = Debug|Any CPU
		{FFA8C958-AF85-4558-9D2A-99EAF96204FE}.Debug|Any CPU.Build.0 = Debug|Any CPU
		{FFA8C958-AF85-4558-9D2A-99EAF96204FE}.Release|Any CPU.ActiveCfg = Release|Any CPU
		{FFA8C958-AF85-4558-9D2A-99EAF96204FE}.Release|Any CPU.Build.0 = Release|Any CPU
	EndGlobalSection
	GlobalSection(SolutionProperties) = preSolution
		HideSolutionNode = FALSE
	EndGlobalSection
	GlobalSection(ExtensibilityGlobals) = postSolution
		SolutionGuid = {CB2E3D0C-4499-4115-8EB5-17BB4BD98B98}
	EndGlobalSection
EndGlobal
